
Microsoft Visual Studio Solution File, Format Version 12.00
# Visual Studio Version 16
VisualStudioVersion = 16.0.31129.286
MinimumVisualStudioVersion = 10.0.40219.1
Project("{FAE04EC0-301F-11D3-BF4B-00C04F79EFBC}") = "Metropolis", "Metropolis\Metropolis.csproj", "{EE40D5BD-5C62-4D6F-82C5-3B908CD26241}"
EndProject
Global
	GlobalSection(SolutionConfigurationPlatforms) = preSolution
		Debug|Any CPU = Debug|Any CPU
		Release|Any CPU = Release|Any CPU
	EndGlobalSection
	GlobalSection(ProjectConfigurationPlatforms) = postSolution
		{EE40D5BD-5C62-4D6F-82C5-3B908CD26241}.Debug|Any CPU.ActiveCfg = Debug|Any CPU
		{EE40D5BD-5C62-4D6F-82C5-3B908CD26241}.Debug|Any CPU.Build.0 = Debug|Any CPU
		{EE40D5BD-5C62-4D6F-82C5-3B908CD26241}.Release|Any CPU.ActiveCfg = Release|Any CPU
		{EE40D5BD-5C62-4D6F-82C5-3B908CD26241}.Release|Any CPU.Build.0 = Release|Any CPU
	EndGlobalSection
	GlobalSection(SolutionProperties) = preSolution
		HideSolutionNode = FALSE
	EndGlobalSection
	GlobalSection(ExtensibilityGlobals) = postSolution
		SolutionGuid = {866D1452-961E-4842-B12A-BAA615EBAB0A}
	EndGlobalSection
EndGlobal
